// !$*UTF8*$!
{
	archiveVersion = 1;
	classes = {
	};
	objectVersion = 48;
	objects = {

/* Begin PBXBuildFile section */
		560D8AEBAE5641FAE34024B2 /* Pods_movieaholic.framework in Frameworks */ = {isa = PBXBuildFile; fileRef = 4CE4ECE59F366D7542C86381 /* Pods_movieaholic.framework */; };
		5DBBB3971F7972B6003DC7C6 /* ScrollView+Util.swift in Sources */ = {isa = PBXBuildFile; fileRef = 5DBBB3961F7972B6003DC7C6 /* ScrollView+Util.swift */; };
		8008FCD41F75C94B00C3C98C /* AppDelegate.swift in Sources */ = {isa = PBXBuildFile; fileRef = 8008FCD31F75C94B00C3C98C /* AppDelegate.swift */; };
		8008FCD61F75C94B00C3C98C /* ViewController.swift in Sources */ = {isa = PBXBuildFile; fileRef = 8008FCD51F75C94B00C3C98C /* ViewController.swift */; };
		8008FCD91F75C94B00C3C98C /* Main.storyboard in Resources */ = {isa = PBXBuildFile; fileRef = 8008FCD71F75C94B00C3C98C /* Main.storyboard */; };
		8008FCDB1F75C94B00C3C98C /* Assets.xcassets in Resources */ = {isa = PBXBuildFile; fileRef = 8008FCDA1F75C94B00C3C98C /* Assets.xcassets */; };
		8008FCDE1F75C94B00C3C98C /* LaunchScreen.storyboard in Resources */ = {isa = PBXBuildFile; fileRef = 8008FCDC1F75C94B00C3C98C /* LaunchScreen.storyboard */; };
		8008FCE91F75C94B00C3C98C /* movieaholicTests.swift in Sources */ = {isa = PBXBuildFile; fileRef = 8008FCE81F75C94B00C3C98C /* movieaholicTests.swift */; };
		8008FCF41F75C94B00C3C98C /* movieaholicUITests.swift in Sources */ = {isa = PBXBuildFile; fileRef = 8008FCF31F75C94B00C3C98C /* movieaholicUITests.swift */; };
		8008FD041F75CB0F00C3C98C /* APIManager.swift in Sources */ = {isa = PBXBuildFile; fileRef = 8008FD031F75CB0F00C3C98C /* APIManager.swift */; };
		8008FD061F75D17300C3C98C /* APIResponse.swift in Sources */ = {isa = PBXBuildFile; fileRef = 8008FD051F75D17300C3C98C /* APIResponse.swift */; };
		8008FD0A1F75D4D300C3C98C /* LogUtil.swift in Sources */ = {isa = PBXBuildFile; fileRef = 8008FD091F75D4D300C3C98C /* LogUtil.swift */; };
		8008FD0C1F75D88F00C3C98C /* Reachability.swift in Sources */ = {isa = PBXBuildFile; fileRef = 8008FD0B1F75D88F00C3C98C /* Reachability.swift */; };
		8008FD0E1F75D9A600C3C98C /* ConnectionUtil.swift in Sources */ = {isa = PBXBuildFile; fileRef = 8008FD0D1F75D9A600C3C98C /* ConnectionUtil.swift */; };
		8008FD111F75EE5700C3C98C /* ConfigManager.swift in Sources */ = {isa = PBXBuildFile; fileRef = 8008FD101F75EE5700C3C98C /* ConfigManager.swift */; };
		8008FD141F76011000C3C98C /* APIMovie.swift in Sources */ = {isa = PBXBuildFile; fileRef = 8008FD131F76010D00C3C98C /* APIMovie.swift */; };
		8008FD1E1F761F3300C3C98C /* UIImage+Util.swift in Sources */ = {isa = PBXBuildFile; fileRef = 8008FD1D1F761F3300C3C98C /* UIImage+Util.swift */; };
		807BF5631F76FAA600F6F807 /* CategoryTableViewCell.swift in Sources */ = {isa = PBXBuildFile; fileRef = 807BF5621F76FAA600F6F807 /* CategoryTableViewCell.swift */; };
		807BF5651F76FB9100F6F807 /* HomeItemCell.swift in Sources */ = {isa = PBXBuildFile; fileRef = 807BF5641F76FB9100F6F807 /* HomeItemCell.swift */; };
		807BF5671F770A9900F6F807 /* MovieImageModel.swift in Sources */ = {isa = PBXBuildFile; fileRef = 807BF5661F770A9900F6F807 /* MovieImageModel.swift */; };
		807BF56D1F771D4B00F6F807 /* UIView+Util.swift in Sources */ = {isa = PBXBuildFile; fileRef = 807BF56C1F771D4B00F6F807 /* UIView+Util.swift */; };
		807BF5711F78039000F6F807 /* DetailMovieViewController.swift in Sources */ = {isa = PBXBuildFile; fileRef = 807BF5701F78039000F6F807 /* DetailMovieViewController.swift */; };
		807BF5731F7812C200F6F807 /* MovieDetailModel.swift in Sources */ = {isa = PBXBuildFile; fileRef = 807BF5721F7812C200F6F807 /* MovieDetailModel.swift */; };
		8080DE271F76292C00C340FB /* UIColor+Util.swift in Sources */ = {isa = PBXBuildFile; fileRef = 8080DE261F76292C00C340FB /* UIColor+Util.swift */; };
		8080DE311F7630D400C340FB /* String+Util.swift in Sources */ = {isa = PBXBuildFile; fileRef = 8080DE301F7630D400C340FB /* String+Util.swift */; };
		8080DE531F76344500C340FB /* ExploreViewController.swift in Sources */ = {isa = PBXBuildFile; fileRef = 8080DE521F76344500C340FB /* ExploreViewController.swift */; };
		8080DE6D1F763B2700C340FB /* MainViewController.swift in Sources */ = {isa = PBXBuildFile; fileRef = 8080DE6C1F763B2700C340FB /* MainViewController.swift */; };
		8080DE6F1F76436F00C340FB /* ExploreFeedViewController.swift in Sources */ = {isa = PBXBuildFile; fileRef = 8080DE6E1F76436F00C340FB /* ExploreFeedViewController.swift */; };
		8080DE721F76ADFC00C340FB /* MovieTrendingModel.swift in Sources */ = {isa = PBXBuildFile; fileRef = 8080DE711F76ADFB00C340FB /* MovieTrendingModel.swift */; };
		80BDED981F782B810079EB0F /* SessionManager.swift in Sources */ = {isa = PBXBuildFile; fileRef = 80BDED971F782B800079EB0F /* SessionManager.swift */; };
		80BDED9A1F78420A0079EB0F /* DateUtil.swift in Sources */ = {isa = PBXBuildFile; fileRef = 80BDED991F78420A0079EB0F /* DateUtil.swift */; };
		80BDED9C1F786BA60079EB0F /* ControllerUtil.swift in Sources */ = {isa = PBXBuildFile; fileRef = 80BDED9B1F786BA50079EB0F /* ControllerUtil.swift */; };
		80BDED9E1F788A5A0079EB0F /* DetailImageZoomViewController.swift in Sources */ = {isa = PBXBuildFile; fileRef = 80BDED9D1F788A5A0079EB0F /* DetailImageZoomViewController.swift */; };
		80BDEDA01F7895C30079EB0F /* BaseTableViewController.swift in Sources */ = {isa = PBXBuildFile; fileRef = 80BDED9F1F7895C30079EB0F /* BaseTableViewController.swift */; };
		80BDEDA41F7897E20079EB0F /* ExploreHeaderView.swift in Sources */ = {isa = PBXBuildFile; fileRef = 80BDEDA31F7897E20079EB0F /* ExploreHeaderView.swift */; };
		80BDEDA61F7899340079EB0F /* PageTabItem.swift in Sources */ = {isa = PBXBuildFile; fileRef = 80BDEDA51F7899340079EB0F /* PageTabItem.swift */; };
		80BDEDA81F789A1C0079EB0F /* PageTabNavigationView.swift in Sources */ = {isa = PBXBuildFile; fileRef = 80BDEDA71F789A1C0079EB0F /* PageTabNavigationView.swift */; };
		80BDEDAA1F789C210079EB0F /* BaseCollectionViewCell.swift in Sources */ = {isa = PBXBuildFile; fileRef = 80BDEDA91F789C210079EB0F /* BaseCollectionViewCell.swift */; };
		80BDEDAC1F789E2F0079EB0F /* BasePageTabItemView.swift in Sources */ = {isa = PBXBuildFile; fileRef = 80BDEDAB1F789E2F0079EB0F /* BasePageTabItemView.swift */; };
		80BDEDAE1F789E5B0079EB0F /* BaseTableViewCell.swift in Sources */ = {isa = PBXBuildFile; fileRef = 80BDEDAD1F789E5B0079EB0F /* BaseTableViewCell.swift */; };
		80BDEDB01F789ED40079EB0F /* ImageExpandAnimationController.swift in Sources */ = {isa = PBXBuildFile; fileRef = 80BDEDAF1F789ED40079EB0F /* ImageExpandAnimationController.swift */; };
		80BDEDB21F789F120079EB0F /* ImageShrinkAnimationController.swift in Sources */ = {isa = PBXBuildFile; fileRef = 80BDEDB11F789F120079EB0F /* ImageShrinkAnimationController.swift */; };
		80BDEDB41F78A7650079EB0F /* Date+Util.swift in Sources */ = {isa = PBXBuildFile; fileRef = 80BDEDB31F78A7650079EB0F /* Date+Util.swift */; };
		84B28FB60B0F763AF7043252 /* Pods_movieaholicTests.framework in Frameworks */ = {isa = PBXBuildFile; fileRef = 3A758EF4D8FE9FD8BF3F15DC /* Pods_movieaholicTests.framework */; };
		8C404A16F9C60FD56DE5F0B6 /* Pods_movieaholicUITests.framework in Frameworks */ = {isa = PBXBuildFile; fileRef = 28969EEE98B945CDEFF52A78 /* Pods_movieaholicUITests.framework */; };
/* End PBXBuildFile section */

/* Begin PBXContainerItemProxy section */
		8008FCE51F75C94B00C3C98C /* PBXContainerItemProxy */ = {
			isa = PBXContainerItemProxy;
			containerPortal = 8008FCC81F75C94B00C3C98C /* Project object */;
			proxyType = 1;
			remoteGlobalIDString = 8008FCCF1F75C94B00C3C98C;
			remoteInfo = movieaholic;
		};
		8008FCF01F75C94B00C3C98C /* PBXContainerItemProxy */ = {
			isa = PBXContainerItemProxy;
			containerPortal = 8008FCC81F75C94B00C3C98C /* Project object */;
			proxyType = 1;
			remoteGlobalIDString = 8008FCCF1F75C94B00C3C98C;
			remoteInfo = movieaholic;
		};
/* End PBXContainerItemProxy section */

/* Begin PBXFileReference section */
		28969EEE98B945CDEFF52A78 /* Pods_movieaholicUITests.framework */ = {isa = PBXFileReference; explicitFileType = wrapper.framework; includeInIndex = 0; path = Pods_movieaholicUITests.framework; sourceTree = BUILT_PRODUCTS_DIR; };
		3A758EF4D8FE9FD8BF3F15DC /* Pods_movieaholicTests.framework */ = {isa = PBXFileReference; explicitFileType = wrapper.framework; includeInIndex = 0; path = Pods_movieaholicTests.framework; sourceTree = BUILT_PRODUCTS_DIR; };
		4CE4ECE59F366D7542C86381 /* Pods_movieaholic.framework */ = {isa = PBXFileReference; explicitFileType = wrapper.framework; includeInIndex = 0; path = Pods_movieaholic.framework; sourceTree = BUILT_PRODUCTS_DIR; };
		51AB2A74A0412E9E299305D1 /* Pods-movieaholicTests.debug.xcconfig */ = {isa = PBXFileReference; includeInIndex = 1; lastKnownFileType = text.xcconfig; name = "Pods-movieaholicTests.debug.xcconfig"; path = "Pods/Target Support Files/Pods-movieaholicTests/Pods-movieaholicTests.debug.xcconfig"; sourceTree = "<group>"; };
		5DBBB3961F7972B6003DC7C6 /* ScrollView+Util.swift */ = {isa = PBXFileReference; lastKnownFileType = sourcecode.swift; path = "ScrollView+Util.swift"; sourceTree = "<group>"; };
		8008FCD01F75C94B00C3C98C /* movieaholic.app */ = {isa = PBXFileReference; explicitFileType = wrapper.application; includeInIndex = 0; path = movieaholic.app; sourceTree = BUILT_PRODUCTS_DIR; };
		8008FCD31F75C94B00C3C98C /* AppDelegate.swift */ = {isa = PBXFileReference; lastKnownFileType = sourcecode.swift; path = AppDelegate.swift; sourceTree = "<group>"; };
		8008FCD51F75C94B00C3C98C /* ViewController.swift */ = {isa = PBXFileReference; lastKnownFileType = sourcecode.swift; path = ViewController.swift; sourceTree = "<group>"; };
		8008FCD81F75C94B00C3C98C /* Base */ = {isa = PBXFileReference; lastKnownFileType = file.storyboard; name = Base; path = Base.lproj/Main.storyboard; sourceTree = "<group>"; };
		8008FCDA1F75C94B00C3C98C /* Assets.xcassets */ = {isa = PBXFileReference; lastKnownFileType = folder.assetcatalog; path = Assets.xcassets; sourceTree = "<group>"; };
		8008FCDD1F75C94B00C3C98C /* Base */ = {isa = PBXFileReference; lastKnownFileType = file.storyboard; name = Base; path = Base.lproj/LaunchScreen.storyboard; sourceTree = "<group>"; };
		8008FCDF1F75C94B00C3C98C /* Info.plist */ = {isa = PBXFileReference; lastKnownFileType = text.plist.xml; path = Info.plist; sourceTree = "<group>"; };
		8008FCE41F75C94B00C3C98C /* movieaholicTests.xctest */ = {isa = PBXFileReference; explicitFileType = wrapper.cfbundle; includeInIndex = 0; path = movieaholicTests.xctest; sourceTree = BUILT_PRODUCTS_DIR; };
		8008FCE81F75C94B00C3C98C /* movieaholicTests.swift */ = {isa = PBXFileReference; lastKnownFileType = sourcecode.swift; path = movieaholicTests.swift; sourceTree = "<group>"; };
		8008FCEA1F75C94B00C3C98C /* Info.plist */ = {isa = PBXFileReference; lastKnownFileType = text.plist.xml; path = Info.plist; sourceTree = "<group>"; };
		8008FCEF1F75C94B00C3C98C /* movieaholicUITests.xctest */ = {isa = PBXFileReference; explicitFileType = wrapper.cfbundle; includeInIndex = 0; path = movieaholicUITests.xctest; sourceTree = BUILT_PRODUCTS_DIR; };
		8008FCF31F75C94B00C3C98C /* movieaholicUITests.swift */ = {isa = PBXFileReference; lastKnownFileType = sourcecode.swift; path = movieaholicUITests.swift; sourceTree = "<group>"; };
		8008FCF51F75C94B00C3C98C /* Info.plist */ = {isa = PBXFileReference; lastKnownFileType = text.plist.xml; path = Info.plist; sourceTree = "<group>"; };
		8008FD031F75CB0F00C3C98C /* APIManager.swift */ = {isa = PBXFileReference; lastKnownFileType = sourcecode.swift; path = APIManager.swift; sourceTree = "<group>"; };
		8008FD051F75D17300C3C98C /* APIResponse.swift */ = {isa = PBXFileReference; lastKnownFileType = sourcecode.swift; path = APIResponse.swift; sourceTree = "<group>"; };
		8008FD091F75D4D300C3C98C /* LogUtil.swift */ = {isa = PBXFileReference; lastKnownFileType = sourcecode.swift; path = LogUtil.swift; sourceTree = "<group>"; };
		8008FD0B1F75D88F00C3C98C /* Reachability.swift */ = {isa = PBXFileReference; lastKnownFileType = sourcecode.swift; path = Reachability.swift; sourceTree = "<group>"; };
		8008FD0D1F75D9A600C3C98C /* ConnectionUtil.swift */ = {isa = PBXFileReference; lastKnownFileType = sourcecode.swift; path = ConnectionUtil.swift; sourceTree = "<group>"; };
		8008FD101F75EE5700C3C98C /* ConfigManager.swift */ = {isa = PBXFileReference; lastKnownFileType = sourcecode.swift; path = ConfigManager.swift; sourceTree = "<group>"; };
		8008FD131F76010D00C3C98C /* APIMovie.swift */ = {isa = PBXFileReference; lastKnownFileType = sourcecode.swift; path = APIMovie.swift; sourceTree = "<group>"; };
		8008FD1D1F761F3300C3C98C /* UIImage+Util.swift */ = {isa = PBXFileReference; lastKnownFileType = sourcecode.swift; path = "UIImage+Util.swift"; sourceTree = "<group>"; };
		807BF5621F76FAA600F6F807 /* CategoryTableViewCell.swift */ = {isa = PBXFileReference; lastKnownFileType = sourcecode.swift; path = CategoryTableViewCell.swift; sourceTree = "<group>"; };
		807BF5641F76FB9100F6F807 /* HomeItemCell.swift */ = {isa = PBXFileReference; lastKnownFileType = sourcecode.swift; path = HomeItemCell.swift; sourceTree = "<group>"; };
		807BF5661F770A9900F6F807 /* MovieImageModel.swift */ = {isa = PBXFileReference; lastKnownFileType = sourcecode.swift; path = MovieImageModel.swift; sourceTree = "<group>"; };
		807BF56C1F771D4B00F6F807 /* UIView+Util.swift */ = {isa = PBXFileReference; lastKnownFileType = sourcecode.swift; path = "UIView+Util.swift"; sourceTree = "<group>"; };
		807BF5701F78039000F6F807 /* DetailMovieViewController.swift */ = {isa = PBXFileReference; lastKnownFileType = sourcecode.swift; path = DetailMovieViewController.swift; sourceTree = "<group>"; };
		807BF5721F7812C200F6F807 /* MovieDetailModel.swift */ = {isa = PBXFileReference; lastKnownFileType = sourcecode.swift; path = MovieDetailModel.swift; sourceTree = "<group>"; };
		8080DE261F76292C00C340FB /* UIColor+Util.swift */ = {isa = PBXFileReference; lastKnownFileType = sourcecode.swift; path = "UIColor+Util.swift"; sourceTree = "<group>"; };
		8080DE301F7630D400C340FB /* String+Util.swift */ = {isa = PBXFileReference; lastKnownFileType = sourcecode.swift; path = "String+Util.swift"; sourceTree = "<group>"; };
		8080DE521F76344500C340FB /* ExploreViewController.swift */ = {isa = PBXFileReference; lastKnownFileType = sourcecode.swift; path = ExploreViewController.swift; sourceTree = "<group>"; };
		8080DE6C1F763B2700C340FB /* MainViewController.swift */ = {isa = PBXFileReference; lastKnownFileType = sourcecode.swift; path = MainViewController.swift; sourceTree = "<group>"; };
		8080DE6E1F76436F00C340FB /* ExploreFeedViewController.swift */ = {isa = PBXFileReference; lastKnownFileType = sourcecode.swift; path = ExploreFeedViewController.swift; sourceTree = "<group>"; };
		8080DE711F76ADFB00C340FB /* MovieTrendingModel.swift */ = {isa = PBXFileReference; lastKnownFileType = sourcecode.swift; path = MovieTrendingModel.swift; sourceTree = "<group>"; };
		80BDED971F782B800079EB0F /* SessionManager.swift */ = {isa = PBXFileReference; lastKnownFileType = sourcecode.swift; path = SessionManager.swift; sourceTree = "<group>"; };
		80BDED991F78420A0079EB0F /* DateUtil.swift */ = {isa = PBXFileReference; lastKnownFileType = sourcecode.swift; path = DateUtil.swift; sourceTree = "<group>"; };
		80BDED9B1F786BA50079EB0F /* ControllerUtil.swift */ = {isa = PBXFileReference; lastKnownFileType = sourcecode.swift; path = ControllerUtil.swift; sourceTree = "<group>"; };
		80BDED9D1F788A5A0079EB0F /* DetailImageZoomViewController.swift */ = {isa = PBXFileReference; lastKnownFileType = sourcecode.swift; path = DetailImageZoomViewController.swift; sourceTree = "<group>"; };
		80BDED9F1F7895C30079EB0F /* BaseTableViewController.swift */ = {isa = PBXFileReference; lastKnownFileType = sourcecode.swift; path = BaseTableViewController.swift; sourceTree = "<group>"; };
		80BDEDA31F7897E20079EB0F /* ExploreHeaderView.swift */ = {isa = PBXFileReference; lastKnownFileType = sourcecode.swift; path = ExploreHeaderView.swift; sourceTree = "<group>"; };
		80BDEDA51F7899340079EB0F /* PageTabItem.swift */ = {isa = PBXFileReference; lastKnownFileType = sourcecode.swift; path = PageTabItem.swift; sourceTree = "<group>"; };
		80BDEDA71F789A1C0079EB0F /* PageTabNavigationView.swift */ = {isa = PBXFileReference; lastKnownFileType = sourcecode.swift; path = PageTabNavigationView.swift; sourceTree = "<group>"; };
		80BDEDA91F789C210079EB0F /* BaseCollectionViewCell.swift */ = {isa = PBXFileReference; lastKnownFileType = sourcecode.swift; path = BaseCollectionViewCell.swift; sourceTree = "<group>"; };
		80BDEDAB1F789E2F0079EB0F /* BasePageTabItemView.swift */ = {isa = PBXFileReference; lastKnownFileType = sourcecode.swift; path = BasePageTabItemView.swift; sourceTree = "<group>"; };
		80BDEDAD1F789E5B0079EB0F /* BaseTableViewCell.swift */ = {isa = PBXFileReference; lastKnownFileType = sourcecode.swift; path = BaseTableViewCell.swift; sourceTree = "<group>"; };
		80BDEDAF1F789ED40079EB0F /* ImageExpandAnimationController.swift */ = {isa = PBXFileReference; lastKnownFileType = sourcecode.swift; path = ImageExpandAnimationController.swift; sourceTree = "<group>"; };
		80BDEDB11F789F120079EB0F /* ImageShrinkAnimationController.swift */ = {isa = PBXFileReference; lastKnownFileType = sourcecode.swift; path = ImageShrinkAnimationController.swift; sourceTree = "<group>"; };
		80BDEDB31F78A7650079EB0F /* Date+Util.swift */ = {isa = PBXFileReference; lastKnownFileType = sourcecode.swift; path = "Date+Util.swift"; sourceTree = "<group>"; };
		992F8042FDD0ED12DB8E8E16 /* Pods-movieaholic.debug.xcconfig */ = {isa = PBXFileReference; includeInIndex = 1; lastKnownFileType = text.xcconfig; name = "Pods-movieaholic.debug.xcconfig"; path = "Pods/Target Support Files/Pods-movieaholic/Pods-movieaholic.debug.xcconfig"; sourceTree = "<group>"; };
		A1FA4D944C86ADFAC58212B6 /* Pods-movieaholicTests.release.xcconfig */ = {isa = PBXFileReference; includeInIndex = 1; lastKnownFileType = text.xcconfig; name = "Pods-movieaholicTests.release.xcconfig"; path = "Pods/Target Support Files/Pods-movieaholicTests/Pods-movieaholicTests.release.xcconfig"; sourceTree = "<group>"; };
		A26E6694C57666441113AD26 /* Pods-movieaholicUITests.release.xcconfig */ = {isa = PBXFileReference; includeInIndex = 1; lastKnownFileType = text.xcconfig; name = "Pods-movieaholicUITests.release.xcconfig"; path = "Pods/Target Support Files/Pods-movieaholicUITests/Pods-movieaholicUITests.release.xcconfig"; sourceTree = "<group>"; };
		ACA9588E7DF89D481D3C6670 /* Pods-movieaholicUITests.debug.xcconfig */ = {isa = PBXFileReference; includeInIndex = 1; lastKnownFileType = text.xcconfig; name = "Pods-movieaholicUITests.debug.xcconfig"; path = "Pods/Target Support Files/Pods-movieaholicUITests/Pods-movieaholicUITests.debug.xcconfig"; sourceTree = "<group>"; };
		B4250494A8BBD41906E9F93E /* Pods-movieaholic.release.xcconfig */ = {isa = PBXFileReference; includeInIndex = 1; lastKnownFileType = text.xcconfig; name = "Pods-movieaholic.release.xcconfig"; path = "Pods/Target Support Files/Pods-movieaholic/Pods-movieaholic.release.xcconfig"; sourceTree = "<group>"; };
/* End PBXFileReference section */

/* Begin PBXFrameworksBuildPhase section */
		8008FCCD1F75C94B00C3C98C /* Frameworks */ = {
			isa = PBXFrameworksBuildPhase;
			buildActionMask = 2147483647;
			files = (
				560D8AEBAE5641FAE34024B2 /* Pods_movieaholic.framework in Frameworks */,
			);
			runOnlyForDeploymentPostprocessing = 0;
		};
		8008FCE11F75C94B00C3C98C /* Frameworks */ = {
			isa = PBXFrameworksBuildPhase;
			buildActionMask = 2147483647;
			files = (
				84B28FB60B0F763AF7043252 /* Pods_movieaholicTests.framework in Frameworks */,
			);
			runOnlyForDeploymentPostprocessing = 0;
		};
		8008FCEC1F75C94B00C3C98C /* Frameworks */ = {
			isa = PBXFrameworksBuildPhase;
			buildActionMask = 2147483647;
			files = (
				8C404A16F9C60FD56DE5F0B6 /* Pods_movieaholicUITests.framework in Frameworks */,
			);
			runOnlyForDeploymentPostprocessing = 0;
		};
/* End PBXFrameworksBuildPhase section */

/* Begin PBXGroup section */
		47EA0D830B69005D842F1798 /* Frameworks */ = {
			isa = PBXGroup;
			children = (
				4CE4ECE59F366D7542C86381 /* Pods_movieaholic.framework */,
				3A758EF4D8FE9FD8BF3F15DC /* Pods_movieaholicTests.framework */,
				28969EEE98B945CDEFF52A78 /* Pods_movieaholicUITests.framework */,
			);
			name = Frameworks;
			sourceTree = "<group>";
		};
		65F81BD6D370EDD2CD826B40 /* Pods */ = {
			isa = PBXGroup;
			children = (
				992F8042FDD0ED12DB8E8E16 /* Pods-movieaholic.debug.xcconfig */,
				B4250494A8BBD41906E9F93E /* Pods-movieaholic.release.xcconfig */,
				51AB2A74A0412E9E299305D1 /* Pods-movieaholicTests.debug.xcconfig */,
				A1FA4D944C86ADFAC58212B6 /* Pods-movieaholicTests.release.xcconfig */,
				ACA9588E7DF89D481D3C6670 /* Pods-movieaholicUITests.debug.xcconfig */,
				A26E6694C57666441113AD26 /* Pods-movieaholicUITests.release.xcconfig */,
			);
			name = Pods;
			sourceTree = "<group>";
		};
		8008FCC71F75C94A00C3C98C = {
			isa = PBXGroup;
			children = (
				8008FCD21F75C94B00C3C98C /* movieaholic */,
				8008FCE71F75C94B00C3C98C /* movieaholicTests */,
				8008FCF21F75C94B00C3C98C /* movieaholicUITests */,
				8008FCD11F75C94B00C3C98C /* Products */,
				65F81BD6D370EDD2CD826B40 /* Pods */,
				47EA0D830B69005D842F1798 /* Frameworks */,
			);
			sourceTree = "<group>";
		};
		8008FCD11F75C94B00C3C98C /* Products */ = {
			isa = PBXGroup;
			children = (
				8008FCD01F75C94B00C3C98C /* movieaholic.app */,
				8008FCE41F75C94B00C3C98C /* movieaholicTests.xctest */,
				8008FCEF1F75C94B00C3C98C /* movieaholicUITests.xctest */,
			);
			name = Products;
			sourceTree = "<group>";
		};
		8008FCD21F75C94B00C3C98C /* movieaholic */ = {
			isa = PBXGroup;
			children = (
				8008FD011F75CAC600C3C98C /* api-http */,
				8008FD0F1F75EE2900C3C98C /* config */,
				8008FD151F760A7D00C3C98C /* controller */,
				8008FD081F75D36900C3C98C /* delegate */,
				8008FD1C1F761EFD00C3C98C /* extension */,
				8080DE221F76287500C340FB /* recursos */,
				8008FD071F75D35B00C3C98C /* util */,
				8008FCD51F75C94B00C3C98C /* ViewController.swift */,
				8008FCD71F75C94B00C3C98C /* Main.storyboard */,
				8008FCDA1F75C94B00C3C98C /* Assets.xcassets */,
				8008FCDC1F75C94B00C3C98C /* LaunchScreen.storyboard */,
				8008FCDF1F75C94B00C3C98C /* Info.plist */,
			);
			path = movieaholic;
			sourceTree = "<group>";
		};
		8008FCE71F75C94B00C3C98C /* movieaholicTests */ = {
			isa = PBXGroup;
			children = (
				8008FCE81F75C94B00C3C98C /* movieaholicTests.swift */,
				8008FCEA1F75C94B00C3C98C /* Info.plist */,
			);
			path = movieaholicTests;
			sourceTree = "<group>";
		};
		8008FCF21F75C94B00C3C98C /* movieaholicUITests */ = {
			isa = PBXGroup;
			children = (
				8008FCF31F75C94B00C3C98C /* movieaholicUITests.swift */,
				8008FCF51F75C94B00C3C98C /* Info.plist */,
			);
			path = movieaholicUITests;
			sourceTree = "<group>";
		};
		8008FD011F75CAC600C3C98C /* api-http */ = {
			isa = PBXGroup;
			children = (
				8008FD021F75CAD200C3C98C /* manager */,
				8080DE701F76ADC500C340FB /* model */,
				8008FD121F7600B900C3C98C /* module */,
			);
			path = "api-http";
			sourceTree = "<group>";
		};
		8008FD021F75CAD200C3C98C /* manager */ = {
			isa = PBXGroup;
			children = (
				8008FD031F75CB0F00C3C98C /* APIManager.swift */,
				8008FD051F75D17300C3C98C /* APIResponse.swift */,
			);
			path = manager;
			sourceTree = "<group>";
		};
		8008FD071F75D35B00C3C98C /* util */ = {
			isa = PBXGroup;
			children = (
				8008FD0D1F75D9A600C3C98C /* ConnectionUtil.swift */,
				8008FD091F75D4D300C3C98C /* LogUtil.swift */,
				8008FD0B1F75D88F00C3C98C /* Reachability.swift */,
				80BDED991F78420A0079EB0F /* DateUtil.swift */,
				80BDED9B1F786BA50079EB0F /* ControllerUtil.swift */,
			);
			path = util;
			sourceTree = "<group>";
		};
		8008FD081F75D36900C3C98C /* delegate */ = {
			isa = PBXGroup;
			children = (
				8008FCD31F75C94B00C3C98C /* AppDelegate.swift */,
			);
			path = delegate;
			sourceTree = "<group>";
		};
		8008FD0F1F75EE2900C3C98C /* config */ = {
			isa = PBXGroup;
			children = (
				8008FD101F75EE5700C3C98C /* ConfigManager.swift */,
				80BDED971F782B800079EB0F /* SessionManager.swift */,
			);
			path = config;
			sourceTree = "<group>";
		};
		8008FD121F7600B900C3C98C /* module */ = {
			isa = PBXGroup;
			children = (
				8008FD131F76010D00C3C98C /* APIMovie.swift */,
			);
			path = module;
			sourceTree = "<group>";
		};
		8008FD151F760A7D00C3C98C /* controller */ = {
			isa = PBXGroup;
			children = (
				80BDEDA21F7895FB0079EB0F /* base */,
				80BDEDA11F7895ED0079EB0F /* main */,
			);
			path = controller;
			sourceTree = "<group>";
		};
		8008FD1C1F761EFD00C3C98C /* extension */ = {
			isa = PBXGroup;
			children = (
				8008FD1D1F761F3300C3C98C /* UIImage+Util.swift */,
				8080DE261F76292C00C340FB /* UIColor+Util.swift */,
				8080DE301F7630D400C340FB /* String+Util.swift */,
				807BF56C1F771D4B00F6F807 /* UIView+Util.swift */,
				80BDEDB31F78A7650079EB0F /* Date+Util.swift */,
				5DBBB3961F7972B6003DC7C6 /* ScrollView+Util.swift */,
			);
			path = extension;
			sourceTree = "<group>";
		};
		8080DE221F76287500C340FB /* recursos */ = {
			isa = PBXGroup;
			children = (
				8080DE231F7628A300C340FB /* view */,
			);
			path = recursos;
			sourceTree = "<group>";
		};
		8080DE231F7628A300C340FB /* view */ = {
			isa = PBXGroup;
			children = (
				807BF5621F76FAA600F6F807 /* CategoryTableViewCell.swift */,
				807BF5641F76FB9100F6F807 /* HomeItemCell.swift */,
				80BDEDA31F7897E20079EB0F /* ExploreHeaderView.swift */,
				80BDEDA51F7899340079EB0F /* PageTabItem.swift */,
				80BDEDA71F789A1C0079EB0F /* PageTabNavigationView.swift */,
				80BDEDA91F789C210079EB0F /* BaseCollectionViewCell.swift */,
				80BDEDAB1F789E2F0079EB0F /* BasePageTabItemView.swift */,
				80BDEDAD1F789E5B0079EB0F /* BaseTableViewCell.swift */,
			);
			path = view;
			sourceTree = "<group>";
		};
		8080DE701F76ADC500C340FB /* model */ = {
			isa = PBXGroup;
			children = (
				8080DE711F76ADFB00C340FB /* MovieTrendingModel.swift */,
				807BF5661F770A9900F6F807 /* MovieImageModel.swift */,
				807BF5721F7812C200F6F807 /* MovieDetailModel.swift */,
			);
			path = model;
			sourceTree = "<group>";
		};
		80BDEDA11F7895ED0079EB0F /* main */ = {
			isa = PBXGroup;
			children = (
				8080DE6C1F763B2700C340FB /* MainViewController.swift */,
				8080DE521F76344500C340FB /* ExploreViewController.swift */,
				8080DE6E1F76436F00C340FB /* ExploreFeedViewController.swift */,
				807BF5701F78039000F6F807 /* DetailMovieViewController.swift */,
				80BDED9D1F788A5A0079EB0F /* DetailImageZoomViewController.swift */,
			);
			path = main;
			sourceTree = "<group>";
		};
		80BDEDA21F7895FB0079EB0F /* base */ = {
			isa = PBXGroup;
			children = (
				80BDED9F1F7895C30079EB0F /* BaseTableViewController.swift */,
				80BDEDAF1F789ED40079EB0F /* ImageExpandAnimationController.swift */,
				80BDEDB11F789F120079EB0F /* ImageShrinkAnimationController.swift */,
			);
			path = base;
			sourceTree = "<group>";
		};
/* End PBXGroup section */

/* Begin PBXNativeTarget section */
		8008FCCF1F75C94B00C3C98C /* movieaholic */ = {
			isa = PBXNativeTarget;
			buildConfigurationList = 8008FCF81F75C94B00C3C98C /* Build configuration list for PBXNativeTarget "movieaholic" */;
			buildPhases = (
				9FC9BF9A1B2BFA078C7B1A2B /* [CP] Check Pods Manifest.lock */,
				8008FCCC1F75C94B00C3C98C /* Sources */,
				8008FCCD1F75C94B00C3C98C /* Frameworks */,
				8008FCCE1F75C94B00C3C98C /* Resources */,
				33A51CFEEAB1633FF6F26F40 /* [CP] Embed Pods Frameworks */,
				8BE7FE805B6BA51683295FE7 /* [CP] Copy Pods Resources */,
			);
			buildRules = (
			);
			dependencies = (
			);
			name = movieaholic;
			productName = movieaholic;
			productReference = 8008FCD01F75C94B00C3C98C /* movieaholic.app */;
			productType = "com.apple.product-type.application";
		};
		8008FCE31F75C94B00C3C98C /* movieaholicTests */ = {
			isa = PBXNativeTarget;
			buildConfigurationList = 8008FCFB1F75C94B00C3C98C /* Build configuration list for PBXNativeTarget "movieaholicTests" */;
			buildPhases = (
				8EC1ECE9A13B456A721A8D39 /* [CP] Check Pods Manifest.lock */,
				8008FCE01F75C94B00C3C98C /* Sources */,
				8008FCE11F75C94B00C3C98C /* Frameworks */,
				8008FCE21F75C94B00C3C98C /* Resources */,
				3C6C3E9103693D543DE08C1E /* [CP] Embed Pods Frameworks */,
				0FD30F441A412BFA0BF35B3B /* [CP] Copy Pods Resources */,
			);
			buildRules = (
			);
			dependencies = (
				8008FCE61F75C94B00C3C98C /* PBXTargetDependency */,
			);
			name = movieaholicTests;
			productName = movieaholicTests;
			productReference = 8008FCE41F75C94B00C3C98C /* movieaholicTests.xctest */;
			productType = "com.apple.product-type.bundle.unit-test";
		};
		8008FCEE1F75C94B00C3C98C /* movieaholicUITests */ = {
			isa = PBXNativeTarget;
			buildConfigurationList = 8008FCFE1F75C94B00C3C98C /* Build configuration list for PBXNativeTarget "movieaholicUITests" */;
			buildPhases = (
				8932E7435F1CA672F3B1052A /* [CP] Check Pods Manifest.lock */,
				8008FCEB1F75C94B00C3C98C /* Sources */,
				8008FCEC1F75C94B00C3C98C /* Frameworks */,
				8008FCED1F75C94B00C3C98C /* Resources */,
				61F049AA89B17530155B2276 /* [CP] Embed Pods Frameworks */,
				56E7DD14A796EC78D22608FF /* [CP] Copy Pods Resources */,
			);
			buildRules = (
			);
			dependencies = (
				8008FCF11F75C94B00C3C98C /* PBXTargetDependency */,
			);
			name = movieaholicUITests;
			productName = movieaholicUITests;
			productReference = 8008FCEF1F75C94B00C3C98C /* movieaholicUITests.xctest */;
			productType = "com.apple.product-type.bundle.ui-testing";
		};
/* End PBXNativeTarget section */

/* Begin PBXProject section */
		8008FCC81F75C94B00C3C98C /* Project object */ = {
			isa = PBXProject;
			attributes = {
				LastSwiftUpdateCheck = 0900;
				LastUpgradeCheck = 0900;
				ORGANIZATIONNAME = "Victor Baleeiro";
				TargetAttributes = {
					8008FCCF1F75C94B00C3C98C = {
						CreatedOnToolsVersion = 9.0;
						LastSwiftMigration = 0900;
						ProvisioningStyle = Automatic;
					};
					8008FCE31F75C94B00C3C98C = {
						CreatedOnToolsVersion = 9.0;
						ProvisioningStyle = Automatic;
						TestTargetID = 8008FCCF1F75C94B00C3C98C;
					};
					8008FCEE1F75C94B00C3C98C = {
						CreatedOnToolsVersion = 9.0;
						ProvisioningStyle = Automatic;
						TestTargetID = 8008FCCF1F75C94B00C3C98C;
					};
				};
			};
			buildConfigurationList = 8008FCCB1F75C94B00C3C98C /* Build configuration list for PBXProject "movieaholic" */;
			compatibilityVersion = "Xcode 8.0";
			developmentRegion = en;
			hasScannedForEncodings = 0;
			knownRegions = (
				en,
				Base,
			);
			mainGroup = 8008FCC71F75C94A00C3C98C;
			productRefGroup = 8008FCD11F75C94B00C3C98C /* Products */;
			projectDirPath = "";
			projectRoot = "";
			targets = (
				8008FCCF1F75C94B00C3C98C /* movieaholic */,
				8008FCE31F75C94B00C3C98C /* movieaholicTests */,
				8008FCEE1F75C94B00C3C98C /* movieaholicUITests */,
			);
		};
/* End PBXProject section */

/* Begin PBXResourcesBuildPhase section */
		8008FCCE1F75C94B00C3C98C /* Resources */ = {
			isa = PBXResourcesBuildPhase;
			buildActionMask = 2147483647;
			files = (
				8008FCDE1F75C94B00C3C98C /* LaunchScreen.storyboard in Resources */,
				8008FCDB1F75C94B00C3C98C /* Assets.xcassets in Resources */,
				8008FCD91F75C94B00C3C98C /* Main.storyboard in Resources */,
			);
			runOnlyForDeploymentPostprocessing = 0;
		};
		8008FCE21F75C94B00C3C98C /* Resources */ = {
			isa = PBXResourcesBuildPhase;
			buildActionMask = 2147483647;
			files = (
			);
			runOnlyForDeploymentPostprocessing = 0;
		};
		8008FCED1F75C94B00C3C98C /* Resources */ = {
			isa = PBXResourcesBuildPhase;
			buildActionMask = 2147483647;
			files = (
			);
			runOnlyForDeploymentPostprocessing = 0;
		};
/* End PBXResourcesBuildPhase section */

/* Begin PBXShellScriptBuildPhase section */
		0FD30F441A412BFA0BF35B3B /* [CP] Copy Pods Resources */ = {
			isa = PBXShellScriptBuildPhase;
			buildActionMask = 2147483647;
			files = (
			);
			inputPaths = (
			);
			name = "[CP] Copy Pods Resources";
			outputPaths = (
			);
			runOnlyForDeploymentPostprocessing = 0;
			shellPath = /bin/sh;
			shellScript = "\"${SRCROOT}/Pods/Target Support Files/Pods-movieaholicTests/Pods-movieaholicTests-resources.sh\"\n";
			showEnvVarsInLog = 0;
		};
		33A51CFEEAB1633FF6F26F40 /* [CP] Embed Pods Frameworks */ = {
			isa = PBXShellScriptBuildPhase;
			buildActionMask = 2147483647;
			files = (
			);
			inputPaths = (
				"${SRCROOT}/Pods/Target Support Files/Pods-movieaholic/Pods-movieaholic-frameworks.sh",
				"${BUILT_PRODUCTS_DIR}/Alamofire/Alamofire.framework",
				"${BUILT_PRODUCTS_DIR}/AlamofireObjectMapper/AlamofireObjectMapper.framework",
				"${BUILT_PRODUCTS_DIR}/Material/Material.framework",
				"${BUILT_PRODUCTS_DIR}/ObjectMapper/ObjectMapper.framework",
			);
			name = "[CP] Embed Pods Frameworks";
			outputPaths = (
				"${TARGET_BUILD_DIR}/${FRAMEWORKS_FOLDER_PATH}/Alamofire.framework",
				"${TARGET_BUILD_DIR}/${FRAMEWORKS_FOLDER_PATH}/AlamofireObjectMapper.framework",
				"${TARGET_BUILD_DIR}/${FRAMEWORKS_FOLDER_PATH}/Material.framework",
				"${TARGET_BUILD_DIR}/${FRAMEWORKS_FOLDER_PATH}/ObjectMapper.framework",
			);
			runOnlyForDeploymentPostprocessing = 0;
			shellPath = /bin/sh;
			shellScript = "\"${SRCROOT}/Pods/Target Support Files/Pods-movieaholic/Pods-movieaholic-frameworks.sh\"\n";
			showEnvVarsInLog = 0;
		};
		3C6C3E9103693D543DE08C1E /* [CP] Embed Pods Frameworks */ = {
			isa = PBXShellScriptBuildPhase;
			buildActionMask = 2147483647;
			files = (
			);
			inputPaths = (
			);
			name = "[CP] Embed Pods Frameworks";
			outputPaths = (
			);
			runOnlyForDeploymentPostprocessing = 0;
			shellPath = /bin/sh;
			shellScript = "\"${SRCROOT}/Pods/Target Support Files/Pods-movieaholicTests/Pods-movieaholicTests-frameworks.sh\"\n";
			showEnvVarsInLog = 0;
		};
		56E7DD14A796EC78D22608FF /* [CP] Copy Pods Resources */ = {
			isa = PBXShellScriptBuildPhase;
			buildActionMask = 2147483647;
			files = (
			);
			inputPaths = (
			);
			name = "[CP] Copy Pods Resources";
			outputPaths = (
			);
			runOnlyForDeploymentPostprocessing = 0;
			shellPath = /bin/sh;
			shellScript = "\"${SRCROOT}/Pods/Target Support Files/Pods-movieaholicUITests/Pods-movieaholicUITests-resources.sh\"\n";
			showEnvVarsInLog = 0;
		};
		61F049AA89B17530155B2276 /* [CP] Embed Pods Frameworks */ = {
			isa = PBXShellScriptBuildPhase;
			buildActionMask = 2147483647;
			files = (
			);
			inputPaths = (
			);
			name = "[CP] Embed Pods Frameworks";
			outputPaths = (
			);
			runOnlyForDeploymentPostprocessing = 0;
			shellPath = /bin/sh;
			shellScript = "\"${SRCROOT}/Pods/Target Support Files/Pods-movieaholicUITests/Pods-movieaholicUITests-frameworks.sh\"\n";
			showEnvVarsInLog = 0;
		};
		8932E7435F1CA672F3B1052A /* [CP] Check Pods Manifest.lock */ = {
			isa = PBXShellScriptBuildPhase;
			buildActionMask = 2147483647;
			files = (
			);
			inputPaths = (
				"${PODS_PODFILE_DIR_PATH}/Podfile.lock",
				"${PODS_ROOT}/Manifest.lock",
			);
			name = "[CP] Check Pods Manifest.lock";
			outputPaths = (
				"$(DERIVED_FILE_DIR)/Pods-movieaholicUITests-checkManifestLockResult.txt",
			);
			runOnlyForDeploymentPostprocessing = 0;
			shellPath = /bin/sh;
			shellScript = "diff \"${PODS_ROOT}/../Podfile.lock\" \"${PODS_ROOT}/Manifest.lock\" > /dev/null\nif [ $? != 0 ] ; then\n    # print error to STDERR\n    echo \"error: The sandbox is not in sync with the Podfile.lock. Run 'pod install' or update your CocoaPods installation.\" >&2\n    exit 1\nfi\n";
			showEnvVarsInLog = 0;
		};
		8BE7FE805B6BA51683295FE7 /* [CP] Copy Pods Resources */ = {
			isa = PBXShellScriptBuildPhase;
			buildActionMask = 2147483647;
			files = (
			);
			inputPaths = (
			);
			name = "[CP] Copy Pods Resources";
			outputPaths = (
			);
			runOnlyForDeploymentPostprocessing = 0;
			shellPath = /bin/sh;
			shellScript = "\"${SRCROOT}/Pods/Target Support Files/Pods-movieaholic/Pods-movieaholic-resources.sh\"\n";
			showEnvVarsInLog = 0;
		};
		8EC1ECE9A13B456A721A8D39 /* [CP] Check Pods Manifest.lock */ = {
			isa = PBXShellScriptBuildPhase;
			buildActionMask = 2147483647;
			files = (
			);
			inputPaths = (
				"${PODS_PODFILE_DIR_PATH}/Podfile.lock",
				"${PODS_ROOT}/Manifest.lock",
			);
			name = "[CP] Check Pods Manifest.lock";
			outputPaths = (
				"$(DERIVED_FILE_DIR)/Pods-movieaholicTests-checkManifestLockResult.txt",
			);
			runOnlyForDeploymentPostprocessing = 0;
			shellPath = /bin/sh;
			shellScript = "diff \"${PODS_ROOT}/../Podfile.lock\" \"${PODS_ROOT}/Manifest.lock\" > /dev/null\nif [ $? != 0 ] ; then\n    # print error to STDERR\n    echo \"error: The sandbox is not in sync with the Podfile.lock. Run 'pod install' or update your CocoaPods installation.\" >&2\n    exit 1\nfi\n";
			showEnvVarsInLog = 0;
		};
		9FC9BF9A1B2BFA078C7B1A2B /* [CP] Check Pods Manifest.lock */ = {
			isa = PBXShellScriptBuildPhase;
			buildActionMask = 2147483647;
			files = (
			);
			inputPaths = (
				"${PODS_PODFILE_DIR_PATH}/Podfile.lock",
				"${PODS_ROOT}/Manifest.lock",
			);
			name = "[CP] Check Pods Manifest.lock";
			outputPaths = (
				"$(DERIVED_FILE_DIR)/Pods-movieaholic-checkManifestLockResult.txt",
			);
			runOnlyForDeploymentPostprocessing = 0;
			shellPath = /bin/sh;
			shellScript = "diff \"${PODS_ROOT}/../Podfile.lock\" \"${PODS_ROOT}/Manifest.lock\" > /dev/null\nif [ $? != 0 ] ; then\n    # print error to STDERR\n    echo \"error: The sandbox is not in sync with the Podfile.lock. Run 'pod install' or update your CocoaPods installation.\" >&2\n    exit 1\nfi\n";
			showEnvVarsInLog = 0;
		};
/* End PBXShellScriptBuildPhase section */

/* Begin PBXSourcesBuildPhase section */
		8008FCCC1F75C94B00C3C98C /* Sources */ = {
			isa = PBXSourcesBuildPhase;
			buildActionMask = 2147483647;
			files = (
				8008FD041F75CB0F00C3C98C /* APIManager.swift in Sources */,
				8008FD061F75D17300C3C98C /* APIResponse.swift in Sources */,
				807BF5731F7812C200F6F807 /* MovieDetailModel.swift in Sources */,
				80BDEDAA1F789C210079EB0F /* BaseCollectionViewCell.swift in Sources */,
				807BF56D1F771D4B00F6F807 /* UIView+Util.swift in Sources */,
				80BDEDB21F789F120079EB0F /* ImageShrinkAnimationController.swift in Sources */,
				5DBBB3971F7972B6003DC7C6 /* ScrollView+Util.swift in Sources */,
				8008FD141F76011000C3C98C /* APIMovie.swift in Sources */,
				80BDED9A1F78420A0079EB0F /* DateUtil.swift in Sources */,
				8008FD0C1F75D88F00C3C98C /* Reachability.swift in Sources */,
				807BF5631F76FAA600F6F807 /* CategoryTableViewCell.swift in Sources */,
				8008FD0A1F75D4D300C3C98C /* LogUtil.swift in Sources */,
				80BDEDA61F7899340079EB0F /* PageTabItem.swift in Sources */,
				8080DE531F76344500C340FB /* ExploreViewController.swift in Sources */,
				80BDEDB01F789ED40079EB0F /* ImageExpandAnimationController.swift in Sources */,
				807BF5671F770A9900F6F807 /* MovieImageModel.swift in Sources */,
				8008FCD61F75C94B00C3C98C /* ViewController.swift in Sources */,
				8008FCD41F75C94B00C3C98C /* AppDelegate.swift in Sources */,
				80BDED981F782B810079EB0F /* SessionManager.swift in Sources */,
				80BDEDAC1F789E2F0079EB0F /* BasePageTabItemView.swift in Sources */,
				8080DE6D1F763B2700C340FB /* MainViewController.swift in Sources */,
				80BDEDA41F7897E20079EB0F /* ExploreHeaderView.swift in Sources */,
				80BDEDAE1F789E5B0079EB0F /* BaseTableViewCell.swift in Sources */,
				8008FD0E1F75D9A600C3C98C /* ConnectionUtil.swift in Sources */,
				80BDEDA01F7895C30079EB0F /* BaseTableViewController.swift in Sources */,
				807BF5711F78039000F6F807 /* DetailMovieViewController.swift in Sources */,
				8080DE721F76ADFC00C340FB /* MovieTrendingModel.swift in Sources */,
				80BDED9C1F786BA60079EB0F /* ControllerUtil.swift in Sources */,
				8080DE311F7630D400C340FB /* String+Util.swift in Sources */,
				80BDED9E1F788A5A0079EB0F /* DetailImageZoomViewController.swift in Sources */,
				8008FD111F75EE5700C3C98C /* ConfigManager.swift in Sources */,
				8080DE271F76292C00C340FB /* UIColor+Util.swift in Sources */,
				8080DE6F1F76436F00C340FB /* ExploreFeedViewController.swift in Sources */,
				8008FD1E1F761F3300C3C98C /* UIImage+Util.swift in Sources */,
				80BDEDB41F78A7650079EB0F /* Date+Util.swift in Sources */,
				807BF5651F76FB9100F6F807 /* HomeItemCell.swift in Sources */,
				80BDEDA81F789A1C0079EB0F /* PageTabNavigationView.swift in Sources */,
			);
			runOnlyForDeploymentPostprocessing = 0;
		};
		8008FCE01F75C94B00C3C98C /* Sources */ = {
			isa = PBXSourcesBuildPhase;
			buildActionMask = 2147483647;
			files = (
				8008FCE91F75C94B00C3C98C /* movieaholicTests.swift in Sources */,
			);
			runOnlyForDeploymentPostprocessing = 0;
		};
		8008FCEB1F75C94B00C3C98C /* Sources */ = {
			isa = PBXSourcesBuildPhase;
			buildActionMask = 2147483647;
			files = (
				8008FCF41F75C94B00C3C98C /* movieaholicUITests.swift in Sources */,
			);
			runOnlyForDeploymentPostprocessing = 0;
		};
/* End PBXSourcesBuildPhase section */

/* Begin PBXTargetDependency section */
		8008FCE61F75C94B00C3C98C /* PBXTargetDependency */ = {
			isa = PBXTargetDependency;
			target = 8008FCCF1F75C94B00C3C98C /* movieaholic */;
			targetProxy = 8008FCE51F75C94B00C3C98C /* PBXContainerItemProxy */;
		};
		8008FCF11F75C94B00C3C98C /* PBXTargetDependency */ = {
			isa = PBXTargetDependency;
			target = 8008FCCF1F75C94B00C3C98C /* movieaholic */;
			targetProxy = 8008FCF01F75C94B00C3C98C /* PBXContainerItemProxy */;
		};
/* End PBXTargetDependency section */

/* Begin PBXVariantGroup section */
		8008FCD71F75C94B00C3C98C /* Main.storyboard */ = {
			isa = PBXVariantGroup;
			children = (
				8008FCD81F75C94B00C3C98C /* Base */,
			);
			name = Main.storyboard;
			sourceTree = "<group>";
		};
		8008FCDC1F75C94B00C3C98C /* LaunchScreen.storyboard */ = {
			isa = PBXVariantGroup;
			children = (
				8008FCDD1F75C94B00C3C98C /* Base */,
			);
			name = LaunchScreen.storyboard;
			sourceTree = "<group>";
		};
/* End PBXVariantGroup section */

/* Begin XCBuildConfiguration section */
		8008FCF61F75C94B00C3C98C /* Debug */ = {
			isa = XCBuildConfiguration;
			buildSettings = {
				ALWAYS_SEARCH_USER_PATHS = NO;
				CLANG_ANALYZER_NONNULL = YES;
				CLANG_ANALYZER_NUMBER_OBJECT_CONVERSION = YES_AGGRESSIVE;
				CLANG_CXX_LANGUAGE_STANDARD = "gnu++14";
				CLANG_CXX_LIBRARY = "libc++";
				CLANG_ENABLE_MODULES = YES;
				CLANG_ENABLE_OBJC_ARC = YES;
				CLANG_WARN_BLOCK_CAPTURE_AUTORELEASING = YES;
				CLANG_WARN_BOOL_CONVERSION = YES;
				CLANG_WARN_COMMA = YES;
				CLANG_WARN_CONSTANT_CONVERSION = YES;
				CLANG_WARN_DIRECT_OBJC_ISA_USAGE = YES_ERROR;
				CLANG_WARN_DOCUMENTATION_COMMENTS = YES;
				CLANG_WARN_EMPTY_BODY = YES;
				CLANG_WARN_ENUM_CONVERSION = YES;
				CLANG_WARN_INFINITE_RECURSION = YES;
				CLANG_WARN_INT_CONVERSION = YES;
				CLANG_WARN_NON_LITERAL_NULL_CONVERSION = YES;
				CLANG_WARN_OBJC_LITERAL_CONVERSION = YES;
				CLANG_WARN_OBJC_ROOT_CLASS = YES_ERROR;
				CLANG_WARN_RANGE_LOOP_ANALYSIS = YES;
				CLANG_WARN_STRICT_PROTOTYPES = YES;
				CLANG_WARN_SUSPICIOUS_MOVE = YES;
				CLANG_WARN_UNGUARDED_AVAILABILITY = YES_AGGRESSIVE;
				CLANG_WARN_UNREACHABLE_CODE = YES;
				CLANG_WARN__DUPLICATE_METHOD_MATCH = YES;
				CODE_SIGN_IDENTITY = "iPhone Developer";
				COPY_PHASE_STRIP = NO;
				DEBUG_INFORMATION_FORMAT = dwarf;
				ENABLE_STRICT_OBJC_MSGSEND = YES;
				ENABLE_TESTABILITY = YES;
				GCC_C_LANGUAGE_STANDARD = gnu11;
				GCC_DYNAMIC_NO_PIC = NO;
				GCC_NO_COMMON_BLOCKS = YES;
				GCC_OPTIMIZATION_LEVEL = 0;
				GCC_PREPROCESSOR_DEFINITIONS = (
					"DEBUG=1",
					"$(inherited)",
				);
				GCC_WARN_64_TO_32_BIT_CONVERSION = YES;
				GCC_WARN_ABOUT_RETURN_TYPE = YES_ERROR;
				GCC_WARN_UNDECLARED_SELECTOR = YES;
				GCC_WARN_UNINITIALIZED_AUTOS = YES_AGGRESSIVE;
				GCC_WARN_UNUSED_FUNCTION = YES;
				GCC_WARN_UNUSED_VARIABLE = YES;
				IPHONEOS_DEPLOYMENT_TARGET = 11.0;
				MTL_ENABLE_DEBUG_INFO = YES;
				ONLY_ACTIVE_ARCH = YES;
				SDKROOT = iphoneos;
				SWIFT_ACTIVE_COMPILATION_CONDITIONS = DEBUG;
				SWIFT_OPTIMIZATION_LEVEL = "-Onone";
			};
			name = Debug;
		};
		8008FCF71F75C94B00C3C98C /* Release */ = {
			isa = XCBuildConfiguration;
			buildSettings = {
				ALWAYS_SEARCH_USER_PATHS = NO;
				CLANG_ANALYZER_NONNULL = YES;
				CLANG_ANALYZER_NUMBER_OBJECT_CONVERSION = YES_AGGRESSIVE;
				CLANG_CXX_LANGUAGE_STANDARD = "gnu++14";
				CLANG_CXX_LIBRARY = "libc++";
				CLANG_ENABLE_MODULES = YES;
				CLANG_ENABLE_OBJC_ARC = YES;
				CLANG_WARN_BLOCK_CAPTURE_AUTORELEASING = YES;
				CLANG_WARN_BOOL_CONVERSION = YES;
				CLANG_WARN_COMMA = YES;
				CLANG_WARN_CONSTANT_CONVERSION = YES;
				CLANG_WARN_DIRECT_OBJC_ISA_USAGE = YES_ERROR;
				CLANG_WARN_DOCUMENTATION_COMMENTS = YES;
				CLANG_WARN_EMPTY_BODY = YES;
				CLANG_WARN_ENUM_CONVERSION = YES;
				CLANG_WARN_INFINITE_RECURSION = YES;
				CLANG_WARN_INT_CONVERSION = YES;
				CLANG_WARN_NON_LITERAL_NULL_CONVERSION = YES;
				CLANG_WARN_OBJC_LITERAL_CONVERSION = YES;
				CLANG_WARN_OBJC_ROOT_CLASS = YES_ERROR;
				CLANG_WARN_RANGE_LOOP_ANALYSIS = YES;
				CLANG_WARN_STRICT_PROTOTYPES = YES;
				CLANG_WARN_SUSPICIOUS_MOVE = YES;
				CLANG_WARN_UNGUARDED_AVAILABILITY = YES_AGGRESSIVE;
				CLANG_WARN_UNREACHABLE_CODE = YES;
				CLANG_WARN__DUPLICATE_METHOD_MATCH = YES;
				CODE_SIGN_IDENTITY = "iPhone Developer";
				COPY_PHASE_STRIP = NO;
				DEBUG_INFORMATION_FORMAT = "dwarf-with-dsym";
				ENABLE_NS_ASSERTIONS = NO;
				ENABLE_STRICT_OBJC_MSGSEND = YES;
				GCC_C_LANGUAGE_STANDARD = gnu11;
				GCC_NO_COMMON_BLOCKS = YES;
				GCC_WARN_64_TO_32_BIT_CONVERSION = YES;
				GCC_WARN_ABOUT_RETURN_TYPE = YES_ERROR;
				GCC_WARN_UNDECLARED_SELECTOR = YES;
				GCC_WARN_UNINITIALIZED_AUTOS = YES_AGGRESSIVE;
				GCC_WARN_UNUSED_FUNCTION = YES;
				GCC_WARN_UNUSED_VARIABLE = YES;
				IPHONEOS_DEPLOYMENT_TARGET = 11.0;
				MTL_ENABLE_DEBUG_INFO = NO;
				SDKROOT = iphoneos;
				SWIFT_OPTIMIZATION_LEVEL = "-Owholemodule";
				VALIDATE_PRODUCT = YES;
			};
			name = Release;
		};
		8008FCF91F75C94B00C3C98C /* Debug */ = {
			isa = XCBuildConfiguration;
			baseConfigurationReference = 992F8042FDD0ED12DB8E8E16 /* Pods-movieaholic.debug.xcconfig */;
			buildSettings = {
				ASSETCATALOG_COMPILER_APPICON_NAME = AppIcon;
				CLANG_ENABLE_MODULES = YES;
				CODE_SIGN_STYLE = Automatic;
				DEVELOPMENT_TEAM = 92364YLT5P;
				INFOPLIST_FILE = movieaholic/Info.plist;
				IPHONEOS_DEPLOYMENT_TARGET = 9.0;
				LD_RUNPATH_SEARCH_PATHS = "$(inherited) @executable_path/Frameworks";
				PRODUCT_BUNDLE_IDENTIFIER = br.com.brotherslabs.movieaholic;
				PRODUCT_NAME = "$(TARGET_NAME)";
				SWIFT_OBJC_BRIDGING_HEADER = "";
				SWIFT_OPTIMIZATION_LEVEL = "-Onone";
				SWIFT_VERSION = 4.0;
				TARGETED_DEVICE_FAMILY = "1,2";
			};
			name = Debug;
		};
		8008FCFA1F75C94B00C3C98C /* Release */ = {
			isa = XCBuildConfiguration;
			baseConfigurationReference = B4250494A8BBD41906E9F93E /* Pods-movieaholic.release.xcconfig */;
			buildSettings = {
				ASSETCATALOG_COMPILER_APPICON_NAME = AppIcon;
				CLANG_ENABLE_MODULES = YES;
				CODE_SIGN_STYLE = Automatic;
				DEVELOPMENT_TEAM = 92364YLT5P;
				INFOPLIST_FILE = movieaholic/Info.plist;
				IPHONEOS_DEPLOYMENT_TARGET = 9.0;
				LD_RUNPATH_SEARCH_PATHS = "$(inherited) @executable_path/Frameworks";
				PRODUCT_BUNDLE_IDENTIFIER = br.com.brotherslabs.movieaholic;
				PRODUCT_NAME = "$(TARGET_NAME)";
				SWIFT_OBJC_BRIDGING_HEADER = "";
				SWIFT_VERSION = 4.0;
				TARGETED_DEVICE_FAMILY = "1,2";
			};
			name = Release;
		};
		8008FCFC1F75C94B00C3C98C /* Debug */ = {
			isa = XCBuildConfiguration;
			baseConfigurationReference = 51AB2A74A0412E9E299305D1 /* Pods-movieaholicTests.debug.xcconfig */;
			buildSettings = {
				ALWAYS_EMBED_SWIFT_STANDARD_LIBRARIES = YES;
				BUNDLE_LOADER = "$(TEST_HOST)";
				CODE_SIGN_STYLE = Automatic;
				DEVELOPMENT_TEAM = 92364YLT5P;
				INFOPLIST_FILE = movieaholicTests/Info.plist;
				LD_RUNPATH_SEARCH_PATHS = "$(inherited) @executable_path/Frameworks @loader_path/Frameworks";
				PRODUCT_BUNDLE_IDENTIFIER = br.com.brotherslabs.movieaholicTests;
				PRODUCT_NAME = "$(TARGET_NAME)";
				SWIFT_VERSION = 4.0;
				TARGETED_DEVICE_FAMILY = "1,2";
				TEST_HOST = "$(BUILT_PRODUCTS_DIR)/movieaholic.app/movieaholic";
			};
			name = Debug;
		};
		8008FCFD1F75C94B00C3C98C /* Release */ = {
			isa = XCBuildConfiguration;
			baseConfigurationReference = A1FA4D944C86ADFAC58212B6 /* Pods-movieaholicTests.release.xcconfig */;
			buildSettings = {
				ALWAYS_EMBED_SWIFT_STANDARD_LIBRARIES = YES;
				BUNDLE_LOADER = "$(TEST_HOST)";
				CODE_SIGN_STYLE = Automatic;
				DEVELOPMENT_TEAM = 92364YLT5P;
				INFOPLIST_FILE = movieaholicTests/Info.plist;
				LD_RUNPATH_SEARCH_PATHS = "$(inherited) @executable_path/Frameworks @loader_path/Frameworks";
				PRODUCT_BUNDLE_IDENTIFIER = br.com.brotherslabs.movieaholicTests;
				PRODUCT_NAME = "$(TARGET_NAME)";
				SWIFT_VERSION = 4.0;
				TARGETED_DEVICE_FAMILY = "1,2";
				TEST_HOST = "$(BUILT_PRODUCTS_DIR)/movieaholic.app/movieaholic";
			};
			name = Release;
		};
		8008FCFF1F75C94B00C3C98C /* Debug */ = {
			isa = XCBuildConfiguration;
			baseConfigurationReference = ACA9588E7DF89D481D3C6670 /* Pods-movieaholicUITests.debug.xcconfig */;
			buildSettings = {
				ALWAYS_EMBED_SWIFT_STANDARD_LIBRARIES = YES;
				CODE_SIGN_STYLE = Automatic;
				DEVELOPMENT_TEAM = 92364YLT5P;
				INFOPLIST_FILE = movieaholicUITests/Info.plist;
				LD_RUNPATH_SEARCH_PATHS = "$(inherited) @executable_path/Frameworks @loader_path/Frameworks";
				PRODUCT_BUNDLE_IDENTIFIER = br.com.brotherslabs.movieaholicUITests;
				PRODUCT_NAME = "$(TARGET_NAME)";
				SWIFT_VERSION = 4.0;
				TARGETED_DEVICE_FAMILY = "1,2";
				TEST_TARGET_NAME = movieaholic;
			};
			name = Debug;
		};
		8008FD001F75C94B00C3C98C /* Release */ = {
			isa = XCBuildConfiguration;
			baseConfigurationReference = A26E6694C57666441113AD26 /* Pods-movieaholicUITests.release.xcconfig */;
			buildSettings = {
				ALWAYS_EMBED_SWIFT_STANDARD_LIBRARIES = YES;
				CODE_SIGN_STYLE = Automatic;
				DEVELOPMENT_TEAM = 92364YLT5P;
				INFOPLIST_FILE = movieaholicUITests/Info.plist;
				LD_RUNPATH_SEARCH_PATHS = "$(inherited) @executable_path/Frameworks @loader_path/Frameworks";
				PRODUCT_BUNDLE_IDENTIFIER = br.com.brotherslabs.movieaholicUITests;
				PRODUCT_NAME = "$(TARGET_NAME)";
				SWIFT_VERSION = 4.0;
				TARGETED_DEVICE_FAMILY = "1,2";
				TEST_TARGET_NAME = movieaholic;
			};
			name = Release;
		};
/* End XCBuildConfiguration section */

/* Begin XCConfigurationList section */
		8008FCCB1F75C94B00C3C98C /* Build configuration list for PBXProject "movieaholic" */ = {
			isa = XCConfigurationList;
			buildConfigurations = (
				8008FCF61F75C94B00C3C98C /* Debug */,
				8008FCF71F75C94B00C3C98C /* Release */,
			);
			defaultConfigurationIsVisible = 0;
			defaultConfigurationName = Release;
		};
		8008FCF81F75C94B00C3C98C /* Build configuration list for PBXNativeTarget "movieaholic" */ = {
			isa = XCConfigurationList;
			buildConfigurations = (
				8008FCF91F75C94B00C3C98C /* Debug */,
				8008FCFA1F75C94B00C3C98C /* Release */,
			);
			defaultConfigurationIsVisible = 0;
			defaultConfigurationName = Release;
		};
		8008FCFB1F75C94B00C3C98C /* Build configuration list for PBXNativeTarget "movieaholicTests" */ = {
			isa = XCConfigurationList;
			buildConfigurations = (
				8008FCFC1F75C94B00C3C98C /* Debug */,
				8008FCFD1F75C94B00C3C98C /* Release */,
			);
			defaultConfigurationIsVisible = 0;
			defaultConfigurationName = Release;
		};
		8008FCFE1F75C94B00C3C98C /* Build configuration list for PBXNativeTarget "movieaholicUITests" */ = {
			isa = XCConfigurationList;
			buildConfigurations = (
				8008FCFF1F75C94B00C3C98C /* Debug */,
				8008FD001F75C94B00C3C98C /* Release */,
			);
			defaultConfigurationIsVisible = 0;
			defaultConfigurationName = Release;
		};
/* End XCConfigurationList section */
	};
	rootObject = 8008FCC81F75C94B00C3C98C /* Project object */;
}
